
Microsoft Visual Studio Solution File, Format Version 12.00
# Visual Studio Version 17
VisualStudioVersion = 17.3.32819.101
MinimumVisualStudioVersion = 10.0.40219.1
Project("{FAE04EC0-301F-11D3-BF4B-00C04F79EFBC}") = "HttpTrigger", "HttpTrigger.csproj", "{521A6A7C-F662-42E7-ADF0-7B7F3D2B9297}"
EndProject
Global
	GlobalSection(SolutionConfigurationPlatforms) = preSolution
		Debug|Any CPU = Debug|Any CPU
		Release|Any CPU = Release|Any CPU
	EndGlobalSection
	GlobalSection(ProjectConfigurationPlatforms) = postSolution
		{521A6A7C-F662-42E7-ADF0-7B7F3D2B9297}.Debug|Any CPU.ActiveCfg = Debug|Any CPU
		{521A6A7C-F662-42E7-ADF0-7B7F3D2B9297}.Debug|Any CPU.Build.0 = Debug|Any CPU
		{521A6A7C-F662-42E7-ADF0-7B7F3D2B9297}.Release|Any CPU.ActiveCfg = Release|Any CPU
		{521A6A7C-F662-42E7-ADF0-7B7F3D2B9297}.Release|Any CPU.Build.0 = Release|Any CPU
	EndGlobalSection
	GlobalSection(SolutionProperties) = preSolution
		HideSolutionNode = FALSE
	EndGlobalSection
	GlobalSection(ExtensibilityGlobals) = postSolution
		SolutionGuid = {24B3F500-6B40-42FD-A397-391C729D8DF1}
	EndGlobalSection
EndGlobal
